// !$*UTF8*$!
{
	archiveVersion = 1;
	classes = {
	};
	objectVersion = 50;
	objects = {

/* Begin PBXBuildFile section */
		D1AF11FD239411C00057BD3E /* AppDelegate.swift in Sources */ = {isa = PBXBuildFile; fileRef = D1AF11FC239411C00057BD3E /* AppDelegate.swift */; };
		D1AF11FF239411C00057BD3E /* SceneDelegate.swift in Sources */ = {isa = PBXBuildFile; fileRef = D1AF11FE239411C00057BD3E /* SceneDelegate.swift */; };
		D1AF1201239411C00057BD3E /* ContentView.swift in Sources */ = {isa = PBXBuildFile; fileRef = D1AF1200239411C00057BD3E /* ContentView.swift */; };
		D1AF1203239411C10057BD3E /* Assets.xcassets in Resources */ = {isa = PBXBuildFile; fileRef = D1AF1202239411C10057BD3E /* Assets.xcassets */; };
		D1AF1206239411C10057BD3E /* Preview Assets.xcassets in Resources */ = {isa = PBXBuildFile; fileRef = D1AF1205239411C10057BD3E /* Preview Assets.xcassets */; };
		D1AF1209239411C10057BD3E /* LaunchScreen.storyboard in Resources */ = {isa = PBXBuildFile; fileRef = D1AF1207239411C10057BD3E /* LaunchScreen.storyboard */; };
		D1AF1212239415130057BD3E /* ShapeListItem.swift in Sources */ = {isa = PBXBuildFile; fileRef = D1AF1211239415130057BD3E /* ShapeListItem.swift */; };
		D1AF121523941A7C0057BD3E /* Shape.swift in Sources */ = {isa = PBXBuildFile; fileRef = D1AF121423941A7C0057BD3E /* Shape.swift */; };
		D1AF121723941B4C0057BD3E /* Sphere.swift in Sources */ = {isa = PBXBuildFile; fileRef = D1AF121623941B4C0057BD3E /* Sphere.swift */; };
/* End PBXBuildFile section */

/* Begin PBXFileReference section */
		D1AF11F9239411C00057BD3E /* Volume Calculator.app */ = {isa = PBXFileReference; explicitFileType = wrapper.application; includeInIndex = 0; path = "Volume Calculator.app"; sourceTree = BUILT_PRODUCTS_DIR; };
		D1AF11FC239411C00057BD3E /* AppDelegate.swift */ = {isa = PBXFileReference; lastKnownFileType = sourcecode.swift; path = AppDelegate.swift; sourceTree = "<group>"; };
		D1AF11FE239411C00057BD3E /* SceneDelegate.swift */ = {isa = PBXFileReference; lastKnownFileType = sourcecode.swift; path = SceneDelegate.swift; sourceTree = "<group>"; };
		D1AF1200239411C00057BD3E /* ContentView.swift */ = {isa = PBXFileReference; lastKnownFileType = sourcecode.swift; path = ContentView.swift; sourceTree = "<group>"; };
		D1AF1202239411C10057BD3E /* Assets.xcassets */ = {isa = PBXFileReference; lastKnownFileType = folder.assetcatalog; path = Assets.xcassets; sourceTree = "<group>"; };
		D1AF1205239411C10057BD3E /* Preview Assets.xcassets */ = {isa = PBXFileReference; lastKnownFileType = folder.assetcatalog; path = "Preview Assets.xcassets"; sourceTree = "<group>"; };
		D1AF1208239411C10057BD3E /* Base */ = {isa = PBXFileReference; lastKnownFileType = file.storyboard; name = Base; path = Base.lproj/LaunchScreen.storyboard; sourceTree = "<group>"; };
		D1AF120A239411C10057BD3E /* Info.plist */ = {isa = PBXFileReference; lastKnownFileType = text.plist.xml; path = Info.plist; sourceTree = "<group>"; };
		D1AF1211239415130057BD3E /* ShapeListItem.swift */ = {isa = PBXFileReference; lastKnownFileType = sourcecode.swift; path = ShapeListItem.swift; sourceTree = "<group>"; };
		D1AF121423941A7C0057BD3E /* Shape.swift */ = {isa = PBXFileReference; lastKnownFileType = sourcecode.swift; path = Shape.swift; sourceTree = "<group>"; };
		D1AF121623941B4C0057BD3E /* Sphere.swift */ = {isa = PBXFileReference; lastKnownFileType = sourcecode.swift; path = Sphere.swift; sourceTree = "<group>"; };
/* End PBXFileReference section */

/* Begin PBXFrameworksBuildPhase section */
		D1AF11F6239411C00057BD3E /* Frameworks */ = {
			isa = PBXFrameworksBuildPhase;
			buildActionMask = 2147483647;
			files = (
			);
			runOnlyForDeploymentPostprocessing = 0;
		};
/* End PBXFrameworksBuildPhase section */

/* Begin PBXGroup section */
		D1AF11F0239411C00057BD3E = {
			isa = PBXGroup;
			children = (
				D1AF11FB239411C00057BD3E /* Volume Calculator */,
				D1AF11FA239411C00057BD3E /* Products */,
			);
			sourceTree = "<group>";
		};
		D1AF11FA239411C00057BD3E /* Products */ = {
			isa = PBXGroup;
			children = (
				D1AF11F9239411C00057BD3E /* Volume Calculator.app */,
			);
			name = Products;
			sourceTree = "<group>";
		};
		D1AF11FB239411C00057BD3E /* Volume Calculator */ = {
			isa = PBXGroup;
			children = (
				D1AF121323941A620057BD3E /* Objects */,
				D1AF1210239414EC0057BD3E /* MainView */,
				D1AF11FC239411C00057BD3E /* AppDelegate.swift */,
				D1AF11FE239411C00057BD3E /* SceneDelegate.swift */,
				D1AF1202239411C10057BD3E /* Assets.xcassets */,
				D1AF1207239411C10057BD3E /* LaunchScreen.storyboard */,
				D1AF120A239411C10057BD3E /* Info.plist */,
				D1AF1204239411C10057BD3E /* Preview Content */,
			);
			path = "Volume Calculator";
			sourceTree = "<group>";
		};
		D1AF1204239411C10057BD3E /* Preview Content */ = {
			isa = PBXGroup;
			children = (
				D1AF1205239411C10057BD3E /* Preview Assets.xcassets */,
			);
			path = "Preview Content";
			sourceTree = "<group>";
		};
		D1AF1210239414EC0057BD3E /* MainView */ = {
			isa = PBXGroup;
			children = (
				D1AF1200239411C00057BD3E /* ContentView.swift */,
				D1AF1211239415130057BD3E /* ShapeListItem.swift */,
			);
			path = MainView;
			sourceTree = "<group>";
		};
		D1AF121323941A620057BD3E /* Objects */ = {
			isa = PBXGroup;
			children = (
				D1AF121423941A7C0057BD3E /* Shape.swift */,
				D1AF121623941B4C0057BD3E /* Sphere.swift */,
			);
			path = Objects;
			sourceTree = "<group>";
		};
/* End PBXGroup section */

/* Begin PBXNativeTarget section */
		D1AF11F8239411C00057BD3E /* Volume Calculator */ = {
			isa = PBXNativeTarget;
			buildConfigurationList = D1AF120D239411C10057BD3E /* Build configuration list for PBXNativeTarget "Volume Calculator" */;
			buildPhases = (
				D1AF11F5239411C00057BD3E /* Sources */,
				D1AF11F6239411C00057BD3E /* Frameworks */,
				D1AF11F7239411C00057BD3E /* Resources */,
			);
			buildRules = (
			);
			dependencies = (
			);
			name = "Volume Calculator";
			productName = "Volume Calculator";
			productReference = D1AF11F9239411C00057BD3E /* Volume Calculator.app */;
			productType = "com.apple.product-type.application";
		};
/* End PBXNativeTarget section */

/* Begin PBXProject section */
		D1AF11F1239411C00057BD3E /* Project object */ = {
			isa = PBXProject;
			attributes = {
				LastSwiftUpdateCheck = 1120;
				LastUpgradeCheck = 1120;
				ORGANIZATIONNAME = "Ryno Claassen";
				TargetAttributes = {
					D1AF11F8239411C00057BD3E = {
						CreatedOnToolsVersion = 11.2.1;
					};
				};
			};
			buildConfigurationList = D1AF11F4239411C00057BD3E /* Build configuration list for PBXProject "Volume Calculator" */;
			compatibilityVersion = "Xcode 9.3";
			developmentRegion = en;
			hasScannedForEncodings = 0;
			knownRegions = (
				en,
				Base,
			);
			mainGroup = D1AF11F0239411C00057BD3E;
			productRefGroup = D1AF11FA239411C00057BD3E /* Products */;
			projectDirPath = "";
			projectRoot = "";
			targets = (
				D1AF11F8239411C00057BD3E /* Volume Calculator */,
			);
		};
/* End PBXProject section */

/* Begin PBXResourcesBuildPhase section */
		D1AF11F7239411C00057BD3E /* Resources */ = {
			isa = PBXResourcesBuildPhase;
			buildActionMask = 2147483647;
			files = (
				D1AF1209239411C10057BD3E /* LaunchScreen.storyboard in Resources */,
				D1AF1206239411C10057BD3E /* Preview Assets.xcassets in Resources */,
				D1AF1203239411C10057BD3E /* Assets.xcassets in Resources */,
			);
			runOnlyForDeploymentPostprocessing = 0;
		};
/* End PBXResourcesBuildPhase section */

/* Begin PBXSourcesBuildPhase section */
		D1AF11F5239411C00057BD3E /* Sources */ = {
			isa = PBXSourcesBuildPhase;
			buildActionMask = 2147483647;
			files = (
				D1AF121523941A7C0057BD3E /* Shape.swift in Sources */,
				D1AF11FD239411C00057BD3E /* AppDelegate.swift in Sources */,
				D1AF121723941B4C0057BD3E /* Sphere.swift in Sources */,
				D1AF11FF239411C00057BD3E /* SceneDelegate.swift in Sources */,
				D1AF1212239415130057BD3E /* ShapeListItem.swift in Sources */,
				D1AF1201239411C00057BD3E /* ContentView.swift in Sources */,
			);
			runOnlyForDeploymentPostprocessing = 0;
		};
/* End PBXSourcesBuildPhase section */

/* Begin PBXVariantGroup section */
		D1AF1207239411C10057BD3E /* LaunchScreen.storyboard */ = {
			isa = PBXVariantGroup;
			children = (
				D1AF1208239411C10057BD3E /* Base */,
			);
			name = LaunchScreen.storyboard;
			sourceTree = "<group>";
		};
/* End PBXVariantGroup section */

/* Begin XCBuildConfiguration section */
		D1AF120B239411C10057BD3E /* Debug */ = {
			isa = XCBuildConfiguration;
			buildSettings = {
				ALWAYS_SEARCH_USER_PATHS = NO;
				CLANG_ANALYZER_NONNULL = YES;
				CLANG_ANALYZER_NUMBER_OBJECT_CONVERSION = YES_AGGRESSIVE;
				CLANG_CXX_LANGUAGE_STANDARD = "gnu++14";
				CLANG_CXX_LIBRARY = "libc++";
				CLANG_ENABLE_MODULES = YES;
				CLANG_ENABLE_OBJC_ARC = YES;
				CLANG_ENABLE_OBJC_WEAK = YES;
				CLANG_WARN_BLOCK_CAPTURE_AUTORELEASING = YES;
				CLANG_WARN_BOOL_CONVERSION = YES;
				CLANG_WARN_COMMA = YES;
				CLANG_WARN_CONSTANT_CONVERSION = YES;
				CLANG_WARN_DEPRECATED_OBJC_IMPLEMENTATIONS = YES;
				CLANG_WARN_DIRECT_OBJC_ISA_USAGE = YES_ERROR;
				CLANG_WARN_DOCUMENTATION_COMMENTS = YES;
				CLANG_WARN_EMPTY_BODY = YES;
				CLANG_WARN_ENUM_CONVERSION = YES;
				CLANG_WARN_INFINITE_RECURSION = YES;
				CLANG_WARN_INT_CONVERSION = YES;
				CLANG_WARN_NON_LITERAL_NULL_CONVERSION = YES;
				CLANG_WARN_OBJC_IMPLICIT_RETAIN_SELF = YES;
				CLANG_WARN_OBJC_LITERAL_CONVERSION = YES;
				CLANG_WARN_OBJC_ROOT_CLASS = YES_ERROR;
				CLANG_WARN_RANGE_LOOP_ANALYSIS = YES;
				CLANG_WARN_STRICT_PROTOTYPES = YES;
				CLANG_WARN_SUSPICIOUS_MOVE = YES;
				CLANG_WARN_UNGUARDED_AVAILABILITY = YES_AGGRESSIVE;
				CLANG_WARN_UNREACHABLE_CODE = YES;
				CLANG_WARN__DUPLICATE_METHOD_MATCH = YES;
				COPY_PHASE_STRIP = NO;
				DEBUG_INFORMATION_FORMAT = dwarf;
				ENABLE_STRICT_OBJC_MSGSEND = YES;
				ENABLE_TESTABILITY = YES;
				GCC_C_LANGUAGE_STANDARD = gnu11;
				GCC_DYNAMIC_NO_PIC = NO;
				GCC_NO_COMMON_BLOCKS = YES;
				GCC_OPTIMIZATION_LEVEL = 0;
				GCC_PREPROCESSOR_DEFINITIONS = (
					"DEBUG=1",
					"$(inherited)",
				);
				GCC_WARN_64_TO_32_BIT_CONVERSION = YES;
				GCC_WARN_ABOUT_RETURN_TYPE = YES_ERROR;
				GCC_WARN_UNDECLARED_SELECTOR = YES;
				GCC_WARN_UNINITIALIZED_AUTOS = YES_AGGRESSIVE;
				GCC_WARN_UNUSED_FUNCTION = YES;
				GCC_WARN_UNUSED_VARIABLE = YES;
				IPHONEOS_DEPLOYMENT_TARGET = 13.2;
				MTL_ENABLE_DEBUG_INFO = INCLUDE_SOURCE;
				MTL_FAST_MATH = YES;
				ONLY_ACTIVE_ARCH = YES;
				SDKROOT = iphoneos;
				SWIFT_ACTIVE_COMPILATION_CONDITIONS = DEBUG;
				SWIFT_OPTIMIZATION_LEVEL = "-Onone";
			};
			name = Debug;
		};
		D1AF120C239411C10057BD3E /* Release */ = {
			isa = XCBuildConfiguration;
			buildSettings = {
				ALWAYS_SEARCH_USER_PATHS = NO;
				CLANG_ANALYZER_NONNULL = YES;
				CLANG_ANALYZER_NUMBER_OBJECT_CONVERSION = YES_AGGRESSIVE;
				CLANG_CXX_LANGUAGE_STANDARD = "gnu++14";
				CLANG_CXX_LIBRARY = "libc++";
				CLANG_ENABLE_MODULES = YES;
				CLANG_ENABLE_OBJC_ARC = YES;
				CLANG_ENABLE_OBJC_WEAK = YES;
				CLANG_WARN_BLOCK_CAPTURE_AUTORELEASING = YES;
				CLANG_WARN_BOOL_CONVERSION = YES;
				CLANG_WARN_COMMA = YES;
				CLANG_WARN_CONSTANT_CONVERSION = YES;
				CLANG_WARN_DEPRECATED_OBJC_IMPLEMENTATIONS = YES;
				CLANG_WARN_DIRECT_OBJC_ISA_USAGE = YES_ERROR;
				CLANG_WARN_DOCUMENTATION_COMMENTS = YES;
				CLANG_WARN_EMPTY_BODY = YES;
				CLANG_WARN_ENUM_CONVERSION = YES;
				CLANG_WARN_INFINITE_RECURSION = YES;
				CLANG_WARN_INT_CONVERSION = YES;
				CLANG_WARN_NON_LITERAL_NULL_CONVERSION = YES;
				CLANG_WARN_OBJC_IMPLICIT_RETAIN_SELF = YES;
				CLANG_WARN_OBJC_LITERAL_CONVERSION = YES;
				CLANG_WARN_OBJC_ROOT_CLASS = YES_ERROR;
				CLANG_WARN_RANGE_LOOP_ANALYSIS = YES;
				CLANG_WARN_STRICT_PROTOTYPES = YES;
				CLANG_WARN_SUSPICIOUS_MOVE = YES;
				CLANG_WARN_UNGUARDED_AVAILABILITY = YES_AGGRESSIVE;
				CLANG_WARN_UNREACHABLE_CODE = YES;
				CLANG_WARN__DUPLICATE_METHOD_MATCH = YES;
				COPY_PHASE_STRIP = NO;
				DEBUG_INFORMATION_FORMAT = "dwarf-with-dsym";
				ENABLE_NS_ASSERTIONS = NO;
				ENABLE_STRICT_OBJC_MSGSEND = YES;
				GCC_C_LANGUAGE_STANDARD = gnu11;
				GCC_NO_COMMON_BLOCKS = YES;
				GCC_WARN_64_TO_32_BIT_CONVERSION = YES;
				GCC_WARN_ABOUT_RETURN_TYPE = YES_ERROR;
				GCC_WARN_UNDECLARED_SELECTOR = YES;
				GCC_WARN_UNINITIALIZED_AUTOS = YES_AGGRESSIVE;
				GCC_WARN_UNUSED_FUNCTION = YES;
				GCC_WARN_UNUSED_VARIABLE = YES;
				IPHONEOS_DEPLOYMENT_TARGET = 13.2;
				MTL_ENABLE_DEBUG_INFO = NO;
				MTL_FAST_MATH = YES;
				SDKROOT = iphoneos;
				SWIFT_COMPILATION_MODE = wholemodule;
				SWIFT_OPTIMIZATION_LEVEL = "-O";
				VALIDATE_PRODUCT = YES;
			};
			name = Release;
		};
		D1AF120E239411C10057BD3E /* Debug */ = {
			isa = XCBuildConfiguration;
			buildSettings = {
				ASSETCATALOG_COMPILER_APPICON_NAME = AppIcon;
				CODE_SIGN_STYLE = Automatic;
				DEVELOPMENT_ASSET_PATHS = "\"Volume Calculator/Preview Content\"";
				DEVELOPMENT_TEAM = M7GPH86KPY;
				ENABLE_PREVIEWS = YES;
				INFOPLIST_FILE = "Volume Calculator/Info.plist";
				LD_RUNPATH_SEARCH_PATHS = (
					"$(inherited)",
					"@executable_path/Frameworks",
				);
				PRODUCT_BUNDLE_IDENTIFIER = "za.co.flinkz.Volume-Calculator";
				PRODUCT_NAME = "$(TARGET_NAME)";
				SWIFT_VERSION = 5.0;
				TARGETED_DEVICE_FAMILY = "1,2";
			};
			name = Debug;
		};
		D1AF120F239411C10057BD3E /* Release */ = {
			isa = XCBuildConfiguration;
			buildSettings = {
				ASSETCATALOG_COMPILER_APPICON_NAME = AppIcon;
				CODE_SIGN_STYLE = Automatic;
				DEVELOPMENT_ASSET_PATHS = "\"Volume Calculator/Preview Content\"";
				DEVELOPMENT_TEAM = M7GPH86KPY;
				ENABLE_PREVIEWS = YES;
				INFOPLIST_FILE = "Volume Calculator/Info.plist";
				LD_RUNPATH_SEARCH_PATHS = (
					"$(inherited)",
					"@executable_path/Frameworks",
				);
				PRODUCT_BUNDLE_IDENTIFIER = "za.co.flinkz.Volume-Calculator";
				PRODUCT_NAME = "$(TARGET_NAME)";
				SWIFT_VERSION = 5.0;
				TARGETED_DEVICE_FAMILY = "1,2";
			};
			name = Release;
		};
/* End XCBuildConfiguration section */

/* Begin XCConfigurationList section */
		D1AF11F4239411C00057BD3E /* Build configuration list for PBXProject "Volume Calculator" */ = {
			isa = XCConfigurationList;
			buildConfigurations = (
				D1AF120B239411C10057BD3E /* Debug */,
				D1AF120C239411C10057BD3E /* Release */,
			);
			defaultConfigurationIsVisible = 0;
			defaultConfigurationName = Release;
		};
		D1AF120D239411C10057BD3E /* Build configuration list for PBXNativeTarget "Volume Calculator" */ = {
			isa = XCConfigurationList;
			buildConfigurations = (
				D1AF120E239411C10057BD3E /* Debug */,
				D1AF120F239411C10057BD3E /* Release */,
			);
			defaultConfigurationIsVisible = 0;
			defaultConfigurationName = Release;
		};
/* End XCConfigurationList section */
	};
	rootObject = D1AF11F1239411C00057BD3E /* Project object */;
}
